
Microsoft Visual Studio Solution File, Format Version 12.00
# Visual Studio Version 16
VisualStudioVersion = 16.0.32228.343
MinimumVisualStudioVersion = 10.0.40219.1
Project("{8BC9CEB8-8B4A-11D0-8D11-00A0C91BC942}") = "06 函数", "06 函数\06 函数.vcxproj", "{CFBCD099-626C-4B0F-A810-11905CB34B8A}"
EndProject
Global
	GlobalSection(SolutionConfigurationPlatforms) = preSolution
		Debug|x64 = Debug|x64
		Debug|x86 = Debug|x86
		Release|x64 = Release|x64
		Release|x86 = Release|x86
	EndGlobalSection
	GlobalSection(ProjectConfigurationPlatforms) = postSolution
		{CFBCD099-626C-4B0F-A810-11905CB34B8A}.Debug|x64.ActiveCfg = Debug|x64
		{CFBCD099-626C-4B0F-A810-11905CB34B8A}.Debug|x64.Build.0 = Debug|x64
		{CFBCD099-626C-4B0F-A810-11905CB34B8A}.Debug|x86.ActiveCfg = Debug|Win32
		{CFBCD099-626C-4B0F-A810-11905CB34B8A}.Debug|x86.Build.0 = Debug|Win32
		{CFBCD099-626C-4B0F-A810-11905CB34B8A}.Release|x64.ActiveCfg = Release|x64
		{CFBCD099-626C-4B0F-A810-11905CB34B8A}.Release|x64.Build.0 = Release|x64
		{CFBCD099-626C-4B0F-A810-11905CB34B8A}.Release|x86.ActiveCfg = Release|Win32
		{CFBCD099-626C-4B0F-A810-11905CB34B8A}.Release|x86.Build.0 = Release|Win32
	EndGlobalSection
	GlobalSection(SolutionProperties) = preSolution
		HideSolutionNode = FALSE
	EndGlobalSection
	GlobalSection(ExtensibilityGlobals) = postSolution
		SolutionGuid = {77F14780-F9F0-4FCF-9A17-BE1BF2E4862E}
	EndGlobalSection
EndGlobal
